// !$*UTF8*$!
{
	archiveVersion = 1;
	classes = {
	};
	objectVersion = 48;
	objects = {

/* Begin PBXBuildFile section */
		340DAB1E1F62605B00D5D156 /* LocalisedString+App.swift in Sources */ = {isa = PBXBuildFile; fileRef = 340DAB1D1F62605B00D5D156 /* LocalisedString+App.swift */; };
		340DAB201F6260BE00D5D156 /* Localizable.strings in Resources */ = {isa = PBXBuildFile; fileRef = 340DAB1F1F6260BE00D5D156 /* Localizable.strings */; };
		340DAB241F62626400D5D156 /* RouterActions.swift in Sources */ = {isa = PBXBuildFile; fileRef = 340DAB231F62626400D5D156 /* RouterActions.swift */; };
		340DAB261F62653600D5D156 /* LocationTableViewController.swift in Sources */ = {isa = PBXBuildFile; fileRef = 340DAB251F62653600D5D156 /* LocationTableViewController.swift */; };
		340DAB281F6265E700D5D156 /* LocationsPresenter.swift in Sources */ = {isa = PBXBuildFile; fileRef = 340DAB271F6265E700D5D156 /* LocationsPresenter.swift */; };
		340DAB2A1F62660700D5D156 /* LocationsPresenterTests.swift in Sources */ = {isa = PBXBuildFile; fileRef = 340DAB291F62660700D5D156 /* LocationsPresenterTests.swift */; };
		340DAB2C1F6268A900D5D156 /* Throttle.swift in Sources */ = {isa = PBXBuildFile; fileRef = 340DAB2B1F6268A900D5D156 /* Throttle.swift */; };
		340DAB2E1F626A8000D5D156 /* SearchBar.swift in Sources */ = {isa = PBXBuildFile; fileRef = 340DAB2D1F626A8000D5D156 /* SearchBar.swift */; };
		340DAB311F6270A900D5D156 /* LocationsFetcher.swift in Sources */ = {isa = PBXBuildFile; fileRef = 340DAB301F6270A900D5D156 /* LocationsFetcher.swift */; };
		340DAB351F62744800D5D156 /* StubJsonNetworkRequester.swift in Sources */ = {isa = PBXBuildFile; fileRef = 340DAB341F62744800D5D156 /* StubJsonNetworkRequester.swift */; };
		3416652E1F723234002D4960 /* RegisterUser.swift in Sources */ = {isa = PBXBuildFile; fileRef = 3416652D1F723234002D4960 /* RegisterUser.swift */; };
		341665311F723456002D4960 /* UserRegisteredViewController.swift in Sources */ = {isa = PBXBuildFile; fileRef = 341665301F723456002D4960 /* UserRegisteredViewController.swift */; };
		34391DB41F6CC2F100BE4955 /* AllBloodTypesFetcher.swift in Sources */ = {isa = PBXBuildFile; fileRef = 34391DB31F6CC2F100BE4955 /* AllBloodTypesFetcher.swift */; };
		343C78F31F6E1CC10096885B /* LocationModel.swift in Sources */ = {isa = PBXBuildFile; fileRef = 343C78F21F6E1CC10096885B /* LocationModel.swift */; };
		343C78F51F6E5DE10096885B /* StubNotificationRegester.swift in Sources */ = {isa = PBXBuildFile; fileRef = 343C78F41F6E5DE10096885B /* StubNotificationRegester.swift */; };
		343C78F71F6E5FD90096885B /* MessagingTopicSubscriber.swift in Sources */ = {isa = PBXBuildFile; fileRef = 343C78F61F6E5FD90096885B /* MessagingTopicSubscriber.swift */; };
		343C78F91F6E62EC0096885B /* StubMessagingSubscription.swift in Sources */ = {isa = PBXBuildFile; fileRef = 343C78F81F6E62EC0096885B /* StubMessagingSubscription.swift */; };
		343E0AF71F74C7CD00BF9B3F /* ReporterFactory.swift in Sources */ = {isa = PBXBuildFile; fileRef = 343E0AF61F74C7CD00BF9B3F /* ReporterFactory.swift */; };
		343E0AF91F74C8C200BF9B3F /* SelectBloodReporter.swift in Sources */ = {isa = PBXBuildFile; fileRef = 343E0AF81F74C8C200BF9B3F /* SelectBloodReporter.swift */; };
		343E0AFB1F74C9AE00BF9B3F /* LocationReporter.swift in Sources */ = {isa = PBXBuildFile; fileRef = 343E0AFA1F74C9AE00BF9B3F /* LocationReporter.swift */; };
		343E0AFD1F74C9F500BF9B3F /* RegisterReporter.swift in Sources */ = {isa = PBXBuildFile; fileRef = 343E0AFC1F74C9F500BF9B3F /* RegisterReporter.swift */; };
		343E0AFF1F74CA5300BF9B3F /* UserRegisteredReporter.swift in Sources */ = {isa = PBXBuildFile; fileRef = 343E0AFE1F74CA5300BF9B3F /* UserRegisteredReporter.swift */; };
		343E0B041F74CE0900BF9B3F /* SelectBloodTypeAcceptanceTests.swift in Sources */ = {isa = PBXBuildFile; fileRef = 343E0B031F74CE0900BF9B3F /* SelectBloodTypeAcceptanceTests.swift */; };
		343E0B061F74CF1800BF9B3F /* StubAnalyticsReporter.swift in Sources */ = {isa = PBXBuildFile; fileRef = 343E0B051F74CF1800BF9B3F /* StubAnalyticsReporter.swift */; };
		34428DB21F59310A0017DFA4 /* BloodTypePresenterTests.swift in Sources */ = {isa = PBXBuildFile; fileRef = 34428DB11F59310A0017DFA4 /* BloodTypePresenterTests.swift */; };
		34428DB41F5932410017DFA4 /* UIColor+App.swift in Sources */ = {isa = PBXBuildFile; fileRef = 34428DB31F5932410017DFA4 /* UIColor+App.swift */; };
		34428DB71F5935AE0017DFA4 /* UserDefaultsPersistentStorage.swift in Sources */ = {isa = PBXBuildFile; fileRef = 34428DB61F5935AE0017DFA4 /* UserDefaultsPersistentStorage.swift */; };
		34428DB91F59364D0017DFA4 /* UserPersistentStorage.swift in Sources */ = {isa = PBXBuildFile; fileRef = 34428DB81F59364D0017DFA4 /* UserPersistentStorage.swift */; };
		34428DBB1F5938D10017DFA4 /* BloodTypeStorageTests.swift in Sources */ = {isa = PBXBuildFile; fileRef = 34428DBA1F5938D10017DFA4 /* BloodTypeStorageTests.swift */; };
		34428DBD1F593A6A0017DFA4 /* BloodType+Storage.swift in Sources */ = {isa = PBXBuildFile; fileRef = 34428DBC1F593A6A0017DFA4 /* BloodType+Storage.swift */; };
		34428DBF1F593A9C0017DFA4 /* UserDefaultsStorageTests.swift in Sources */ = {isa = PBXBuildFile; fileRef = 34428DBE1F593A9C0017DFA4 /* UserDefaultsStorageTests.swift */; };
		34428DC21F593B560017DFA4 /* StubPersistentStorage.swift in Sources */ = {isa = PBXBuildFile; fileRef = 34428DC11F593B560017DFA4 /* StubPersistentStorage.swift */; };
		3451C1B71F74D69A00F727A3 /* SelectLocationAcceptanceTests.swift in Sources */ = {isa = PBXBuildFile; fileRef = 3451C1B61F74D69A00F727A3 /* SelectLocationAcceptanceTests.swift */; };
		3451C1B91F74D6DA00F727A3 /* AcceptanceTest.swift in Sources */ = {isa = PBXBuildFile; fileRef = 3451C1B81F74D6DA00F727A3 /* AcceptanceTest.swift */; };
		3451C1BB1F74DA0100F727A3 /* RegisterAcceptanceTests.swift in Sources */ = {isa = PBXBuildFile; fileRef = 3451C1BA1F74DA0100F727A3 /* RegisterAcceptanceTests.swift */; };
		3451C1BD1F74DB3500F727A3 /* UserRegisteredAcceptanceTests.swift in Sources */ = {isa = PBXBuildFile; fileRef = 3451C1BC1F74DB3500F727A3 /* UserRegisteredAcceptanceTests.swift */; };
		3454B3F71F74C53F00FC5B59 /* AnalyticsReporter.swift in Sources */ = {isa = PBXBuildFile; fileRef = 3454B3F61F74C53F00FC5B59 /* AnalyticsReporter.swift */; };
		3463FEC81F6BCD0B00B3DF02 /* String+UrlEncoding.swift in Sources */ = {isa = PBXBuildFile; fileRef = 3463FEC71F6BCD0B00B3DF02 /* String+UrlEncoding.swift */; };
		346F4CD51F591C9000AF1441 /* BloodTypeCollectionViewController.swift in Sources */ = {isa = PBXBuildFile; fileRef = 346F4CD41F591C9000AF1441 /* BloodTypeCollectionViewController.swift */; };
		346F4CD81F591D8700AF1441 /* CollectionRowSections.swift in Sources */ = {isa = PBXBuildFile; fileRef = 346F4CD71F591D8700AF1441 /* CollectionRowSections.swift */; };
		346F4CDA1F591E2500AF1441 /* CollectionViewDataSource.swift in Sources */ = {isa = PBXBuildFile; fileRef = 346F4CD91F591E2500AF1441 /* CollectionViewDataSource.swift */; };
		346F4CDC1F591EB600AF1441 /* Array+Safe.swift in Sources */ = {isa = PBXBuildFile; fileRef = 346F4CDB1F591EB600AF1441 /* Array+Safe.swift */; };
		346F4CDE1F59205700AF1441 /* BloodTypeCollectionViewCell.swift in Sources */ = {isa = PBXBuildFile; fileRef = 346F4CDD1F59205700AF1441 /* BloodTypeCollectionViewCell.swift */; };
		346F4CE01F5922A500AF1441 /* BloodTypePresenter.swift in Sources */ = {isa = PBXBuildFile; fileRef = 346F4CDF1F5922A500AF1441 /* BloodTypePresenter.swift */; };
		346F4CE41F59271D00AF1441 /* BloodType.swift in Sources */ = {isa = PBXBuildFile; fileRef = 346F4CE31F59271D00AF1441 /* BloodType.swift */; };
		346F4CE61F59277300AF1441 /* BloodType+DisplayString.swift in Sources */ = {isa = PBXBuildFile; fileRef = 346F4CE51F59277300AF1441 /* BloodType+DisplayString.swift */; };
		346F4CEA1F59292600AF1441 /* Router.swift in Sources */ = {isa = PBXBuildFile; fileRef = 346F4CE91F59292600AF1441 /* Router.swift */; };
		346F4CEC1F5929B400AF1441 /* ViewControllerFactory.swift in Sources */ = {isa = PBXBuildFile; fileRef = 346F4CEB1F5929B400AF1441 /* ViewControllerFactory.swift */; };
		34830CD51F3DDB5400D6836F /* GoogleService-Info.plist in Resources */ = {isa = PBXBuildFile; fileRef = 34830CD41F3DD46400D6836F /* GoogleService-Info.plist */; };
		348A67B31F627E2F00D4853C /* TableViewDataSource.swift in Sources */ = {isa = PBXBuildFile; fileRef = 348A67B21F627E2F00D4853C /* TableViewDataSource.swift */; };
		348A67B71F628BD800D4853C /* NetworkRequester.swift in Sources */ = {isa = PBXBuildFile; fileRef = 348A67B61F628BD800D4853C /* NetworkRequester.swift */; };
		34A093381F6DE1A600F81E47 /* RegistrationViewController.swift in Sources */ = {isa = PBXBuildFile; fileRef = 34A093371F6DE1A600F81E47 /* RegistrationViewController.swift */; };
		34A0933A1F6E192000F81E47 /* RegistrationView.swift in Sources */ = {isa = PBXBuildFile; fileRef = 34A093391F6E192000F81E47 /* RegistrationView.swift */; };
		34A0933C1F6E198800F81E47 /* RegistrationPresenterTests.swift in Sources */ = {isa = PBXBuildFile; fileRef = 34A0933B1F6E198800F81E47 /* RegistrationPresenterTests.swift */; };
		34A0933E1F6E1ADD00F81E47 /* RegistrationPresenter.swift in Sources */ = {isa = PBXBuildFile; fileRef = 34A0933D1F6E1ADD00F81E47 /* RegistrationPresenter.swift */; };
		34A1D8C11F723ABD00BF923F /* UserRegisteredPresenter.swift in Sources */ = {isa = PBXBuildFile; fileRef = 34A1D8C01F723ABD00BF923F /* UserRegisteredPresenter.swift */; };
		34A1D8C31F723ADF00BF923F /* UserRegisteredPresenterTests.swift in Sources */ = {isa = PBXBuildFile; fileRef = 34A1D8C21F723ADF00BF923F /* UserRegisteredPresenterTests.swift */; };
		34A1D8C51F73380B00BF923F /* AreYouSureAlert.swift in Sources */ = {isa = PBXBuildFile; fileRef = 34A1D8C41F73380B00BF923F /* AreYouSureAlert.swift */; };
		34C075821F73536500B8464C /* MessagingTopicManager.swift in Sources */ = {isa = PBXBuildFile; fileRef = 34C075811F73536500B8464C /* MessagingTopicManager.swift */; };
		34C075841F73538300B8464C /* Reachability.swift in Sources */ = {isa = PBXBuildFile; fileRef = 34C075831F73538300B8464C /* Reachability.swift */; };
		34C075861F73576B00B8464C /* StubReachability.swift in Sources */ = {isa = PBXBuildFile; fileRef = 34C075851F73576B00B8464C /* StubReachability.swift */; };
		34C7AD5F1F636905004D1040 /* LoadingIndicator.swift in Sources */ = {isa = PBXBuildFile; fileRef = 34C7AD5E1F636905004D1040 /* LoadingIndicator.swift */; };
		34D4FAD01F35542500E63910 /* AppDelegate.swift in Sources */ = {isa = PBXBuildFile; fileRef = 34D4FACF1F35542500E63910 /* AppDelegate.swift */; };
		34D4FAD51F35542500E63910 /* Main.storyboard in Resources */ = {isa = PBXBuildFile; fileRef = 34D4FAD31F35542500E63910 /* Main.storyboard */; };
		34D4FAD71F35542500E63910 /* Assets.xcassets in Resources */ = {isa = PBXBuildFile; fileRef = 34D4FAD61F35542500E63910 /* Assets.xcassets */; };
		34D4FADA1F35542500E63910 /* LaunchScreen.storyboard in Resources */ = {isa = PBXBuildFile; fileRef = 34D4FAD81F35542500E63910 /* LaunchScreen.storyboard */; };
		34E7F9021F72213F00F99657 /* MessagingTopicGenerator.swift in Sources */ = {isa = PBXBuildFile; fileRef = 34E7F9011F72213F00F99657 /* MessagingTopicGenerator.swift */; };
		34E7F9041F7227DC00F99657 /* RouterTests.swift in Sources */ = {isa = PBXBuildFile; fileRef = 34E7F9031F7227DC00F99657 /* RouterTests.swift */; };
		34E7F9061F7228BA00F99657 /* StubViewControllerFactory.swift in Sources */ = {isa = PBXBuildFile; fileRef = 34E7F9051F7228BA00F99657 /* StubViewControllerFactory.swift */; };
		34E7F9081F722E5D00F99657 /* UserRegistered.swift in Sources */ = {isa = PBXBuildFile; fileRef = 34E7F9071F722E5D00F99657 /* UserRegistered.swift */; };
		34EF80781F71E409009C743B /* InformationAlert.swift in Sources */ = {isa = PBXBuildFile; fileRef = 34EF80771F71E409009C743B /* InformationAlert.swift */; };
		34F4ABE81F356A7000A2A882 /* UserNotifications.framework in Frameworks */ = {isa = PBXBuildFile; fileRef = 34F4ABE71F356A7000A2A882 /* UserNotifications.framework */; };
		34F4ABEB1F356AAE00A2A882 /* MessagingRegister.swift in Sources */ = {isa = PBXBuildFile; fileRef = 34F4ABEA1F356AAE00A2A882 /* MessagingRegister.swift */; };
		34F56CC11F6212A0002F3A8F /* BloodTypeSetter.swift in Sources */ = {isa = PBXBuildFile; fileRef = 34F56CC01F6212A0002F3A8F /* BloodTypeSetter.swift */; };
		3661F2B4F0DA9E327EF9AEC0 /* Pods_BloodDonationIOSTests.framework in Frameworks */ = {isa = PBXBuildFile; fileRef = 888B1F3F4FD1DBD4EBC13C76 /* Pods_BloodDonationIOSTests.framework */; };
		58502D62B8188B38CC5518EE /* Pods_BloodDonationIOS.framework in Frameworks */ = {isa = PBXBuildFile; fileRef = 4AF58D67E27577AD57ADC0CF /* Pods_BloodDonationIOS.framework */; };
/* End PBXBuildFile section */

/* Begin PBXContainerItemProxy section */
		34428DAC1F592EDA0017DFA4 /* PBXContainerItemProxy */ = {
			isa = PBXContainerItemProxy;
			containerPortal = 34D4FAC41F35542500E63910 /* Project object */;
			proxyType = 1;
			remoteGlobalIDString = 34D4FACB1F35542500E63910;
			remoteInfo = BloodDonationIOS;
		};
/* End PBXContainerItemProxy section */

/* Begin PBXFileReference section */
		2ED44360FA27BE9A52618DA3 /* Pods-BloodDonationIOSUITests.release.xcconfig */ = {isa = PBXFileReference; includeInIndex = 1; lastKnownFileType = text.xcconfig; name = "Pods-BloodDonationIOSUITests.release.xcconfig"; path = "Pods/Target Support Files/Pods-BloodDonationIOSUITests/Pods-BloodDonationIOSUITests.release.xcconfig"; sourceTree = "<group>"; };
		340DAB1D1F62605B00D5D156 /* LocalisedString+App.swift */ = {isa = PBXFileReference; lastKnownFileType = sourcecode.swift; path = "LocalisedString+App.swift"; sourceTree = "<group>"; };
		340DAB1F1F6260BE00D5D156 /* Localizable.strings */ = {isa = PBXFileReference; lastKnownFileType = text.plist.strings; path = Localizable.strings; sourceTree = "<group>"; };
		340DAB231F62626400D5D156 /* RouterActions.swift */ = {isa = PBXFileReference; lastKnownFileType = sourcecode.swift; path = RouterActions.swift; sourceTree = "<group>"; };
		340DAB251F62653600D5D156 /* LocationTableViewController.swift */ = {isa = PBXFileReference; lastKnownFileType = sourcecode.swift; path = LocationTableViewController.swift; sourceTree = "<group>"; };
		340DAB271F6265E700D5D156 /* LocationsPresenter.swift */ = {isa = PBXFileReference; lastKnownFileType = sourcecode.swift; path = LocationsPresenter.swift; sourceTree = "<group>"; };
		340DAB291F62660700D5D156 /* LocationsPresenterTests.swift */ = {isa = PBXFileReference; lastKnownFileType = sourcecode.swift; path = LocationsPresenterTests.swift; sourceTree = "<group>"; };
		340DAB2B1F6268A900D5D156 /* Throttle.swift */ = {isa = PBXFileReference; lastKnownFileType = sourcecode.swift; path = Throttle.swift; sourceTree = "<group>"; };
		340DAB2D1F626A8000D5D156 /* SearchBar.swift */ = {isa = PBXFileReference; lastKnownFileType = sourcecode.swift; path = SearchBar.swift; sourceTree = "<group>"; };
		340DAB301F6270A900D5D156 /* LocationsFetcher.swift */ = {isa = PBXFileReference; lastKnownFileType = sourcecode.swift; path = LocationsFetcher.swift; sourceTree = "<group>"; };
		340DAB341F62744800D5D156 /* StubJsonNetworkRequester.swift */ = {isa = PBXFileReference; lastKnownFileType = sourcecode.swift; path = StubJsonNetworkRequester.swift; sourceTree = "<group>"; };
		3416652D1F723234002D4960 /* RegisterUser.swift */ = {isa = PBXFileReference; lastKnownFileType = sourcecode.swift; path = RegisterUser.swift; sourceTree = "<group>"; };
		341665301F723456002D4960 /* UserRegisteredViewController.swift */ = {isa = PBXFileReference; lastKnownFileType = sourcecode.swift; path = UserRegisteredViewController.swift; sourceTree = "<group>"; };
		34391DB31F6CC2F100BE4955 /* AllBloodTypesFetcher.swift */ = {isa = PBXFileReference; lastKnownFileType = sourcecode.swift; path = AllBloodTypesFetcher.swift; sourceTree = "<group>"; };
		343C78F21F6E1CC10096885B /* LocationModel.swift */ = {isa = PBXFileReference; lastKnownFileType = sourcecode.swift; path = LocationModel.swift; sourceTree = "<group>"; };
		343C78F41F6E5DE10096885B /* StubNotificationRegester.swift */ = {isa = PBXFileReference; lastKnownFileType = sourcecode.swift; path = StubNotificationRegester.swift; sourceTree = "<group>"; };
		343C78F61F6E5FD90096885B /* MessagingTopicSubscriber.swift */ = {isa = PBXFileReference; lastKnownFileType = sourcecode.swift; path = MessagingTopicSubscriber.swift; sourceTree = "<group>"; };
		343C78F81F6E62EC0096885B /* StubMessagingSubscription.swift */ = {isa = PBXFileReference; lastKnownFileType = sourcecode.swift; path = StubMessagingSubscription.swift; sourceTree = "<group>"; };
		343E0AF61F74C7CD00BF9B3F /* ReporterFactory.swift */ = {isa = PBXFileReference; lastKnownFileType = sourcecode.swift; path = ReporterFactory.swift; sourceTree = "<group>"; };
		343E0AF81F74C8C200BF9B3F /* SelectBloodReporter.swift */ = {isa = PBXFileReference; lastKnownFileType = sourcecode.swift; path = SelectBloodReporter.swift; sourceTree = "<group>"; };
		343E0AFA1F74C9AE00BF9B3F /* LocationReporter.swift */ = {isa = PBXFileReference; lastKnownFileType = sourcecode.swift; path = LocationReporter.swift; sourceTree = "<group>"; };
		343E0AFC1F74C9F500BF9B3F /* RegisterReporter.swift */ = {isa = PBXFileReference; lastKnownFileType = sourcecode.swift; path = RegisterReporter.swift; sourceTree = "<group>"; };
		343E0AFE1F74CA5300BF9B3F /* UserRegisteredReporter.swift */ = {isa = PBXFileReference; lastKnownFileType = sourcecode.swift; path = UserRegisteredReporter.swift; sourceTree = "<group>"; };
		343E0B031F74CE0900BF9B3F /* SelectBloodTypeAcceptanceTests.swift */ = {isa = PBXFileReference; lastKnownFileType = sourcecode.swift; path = SelectBloodTypeAcceptanceTests.swift; sourceTree = "<group>"; };
		343E0B051F74CF1800BF9B3F /* StubAnalyticsReporter.swift */ = {isa = PBXFileReference; lastKnownFileType = sourcecode.swift; path = StubAnalyticsReporter.swift; sourceTree = "<group>"; };
		34428DA71F592ED90017DFA4 /* BloodDonationIOSTests.xctest */ = {isa = PBXFileReference; explicitFileType = wrapper.cfbundle; includeInIndex = 0; path = BloodDonationIOSTests.xctest; sourceTree = BUILT_PRODUCTS_DIR; };
		34428DAB1F592EDA0017DFA4 /* Info.plist */ = {isa = PBXFileReference; lastKnownFileType = text.plist.xml; path = Info.plist; sourceTree = "<group>"; };
		34428DB11F59310A0017DFA4 /* BloodTypePresenterTests.swift */ = {isa = PBXFileReference; lastKnownFileType = sourcecode.swift; path = BloodTypePresenterTests.swift; sourceTree = "<group>"; };
		34428DB31F5932410017DFA4 /* UIColor+App.swift */ = {isa = PBXFileReference; lastKnownFileType = sourcecode.swift; path = "UIColor+App.swift"; sourceTree = "<group>"; };
		34428DB61F5935AE0017DFA4 /* UserDefaultsPersistentStorage.swift */ = {isa = PBXFileReference; lastKnownFileType = sourcecode.swift; path = UserDefaultsPersistentStorage.swift; sourceTree = "<group>"; };
		34428DB81F59364D0017DFA4 /* UserPersistentStorage.swift */ = {isa = PBXFileReference; lastKnownFileType = sourcecode.swift; path = UserPersistentStorage.swift; sourceTree = "<group>"; };
		34428DBA1F5938D10017DFA4 /* BloodTypeStorageTests.swift */ = {isa = PBXFileReference; lastKnownFileType = sourcecode.swift; path = BloodTypeStorageTests.swift; sourceTree = "<group>"; };
		34428DBC1F593A6A0017DFA4 /* BloodType+Storage.swift */ = {isa = PBXFileReference; lastKnownFileType = sourcecode.swift; path = "BloodType+Storage.swift"; sourceTree = "<group>"; };
		34428DBE1F593A9C0017DFA4 /* UserDefaultsStorageTests.swift */ = {isa = PBXFileReference; lastKnownFileType = sourcecode.swift; path = UserDefaultsStorageTests.swift; sourceTree = "<group>"; };
		34428DC11F593B560017DFA4 /* StubPersistentStorage.swift */ = {isa = PBXFileReference; lastKnownFileType = sourcecode.swift; path = StubPersistentStorage.swift; sourceTree = "<group>"; };
		3451C1B61F74D69A00F727A3 /* SelectLocationAcceptanceTests.swift */ = {isa = PBXFileReference; lastKnownFileType = sourcecode.swift; path = SelectLocationAcceptanceTests.swift; sourceTree = "<group>"; };
		3451C1B81F74D6DA00F727A3 /* AcceptanceTest.swift */ = {isa = PBXFileReference; lastKnownFileType = sourcecode.swift; path = AcceptanceTest.swift; sourceTree = "<group>"; };
		3451C1BA1F74DA0100F727A3 /* RegisterAcceptanceTests.swift */ = {isa = PBXFileReference; lastKnownFileType = sourcecode.swift; path = RegisterAcceptanceTests.swift; sourceTree = "<group>"; };
		3451C1BC1F74DB3500F727A3 /* UserRegisteredAcceptanceTests.swift */ = {isa = PBXFileReference; lastKnownFileType = sourcecode.swift; path = UserRegisteredAcceptanceTests.swift; sourceTree = "<group>"; };
		3454B3F61F74C53F00FC5B59 /* AnalyticsReporter.swift */ = {isa = PBXFileReference; lastKnownFileType = sourcecode.swift; path = AnalyticsReporter.swift; sourceTree = "<group>"; };
		3463FEC71F6BCD0B00B3DF02 /* String+UrlEncoding.swift */ = {isa = PBXFileReference; lastKnownFileType = sourcecode.swift; path = "String+UrlEncoding.swift"; sourceTree = "<group>"; };
		346F4CD41F591C9000AF1441 /* BloodTypeCollectionViewController.swift */ = {isa = PBXFileReference; lastKnownFileType = sourcecode.swift; path = BloodTypeCollectionViewController.swift; sourceTree = "<group>"; };
		346F4CD71F591D8700AF1441 /* CollectionRowSections.swift */ = {isa = PBXFileReference; lastKnownFileType = sourcecode.swift; path = CollectionRowSections.swift; sourceTree = "<group>"; };
		346F4CD91F591E2500AF1441 /* CollectionViewDataSource.swift */ = {isa = PBXFileReference; lastKnownFileType = sourcecode.swift; path = CollectionViewDataSource.swift; sourceTree = "<group>"; };
		346F4CDB1F591EB600AF1441 /* Array+Safe.swift */ = {isa = PBXFileReference; lastKnownFileType = sourcecode.swift; path = "Array+Safe.swift"; sourceTree = "<group>"; };
		346F4CDD1F59205700AF1441 /* BloodTypeCollectionViewCell.swift */ = {isa = PBXFileReference; lastKnownFileType = sourcecode.swift; path = BloodTypeCollectionViewCell.swift; sourceTree = "<group>"; };
		346F4CDF1F5922A500AF1441 /* BloodTypePresenter.swift */ = {isa = PBXFileReference; lastKnownFileType = sourcecode.swift; path = BloodTypePresenter.swift; sourceTree = "<group>"; };
		346F4CE31F59271D00AF1441 /* BloodType.swift */ = {isa = PBXFileReference; lastKnownFileType = sourcecode.swift; path = BloodType.swift; sourceTree = "<group>"; };
		346F4CE51F59277300AF1441 /* BloodType+DisplayString.swift */ = {isa = PBXFileReference; lastKnownFileType = sourcecode.swift; path = "BloodType+DisplayString.swift"; sourceTree = "<group>"; };
		346F4CE91F59292600AF1441 /* Router.swift */ = {isa = PBXFileReference; lastKnownFileType = sourcecode.swift; path = Router.swift; sourceTree = "<group>"; };
		346F4CEB1F5929B400AF1441 /* ViewControllerFactory.swift */ = {isa = PBXFileReference; lastKnownFileType = sourcecode.swift; path = ViewControllerFactory.swift; sourceTree = "<group>"; };
		34830CD41F3DD46400D6836F /* GoogleService-Info.plist */ = {isa = PBXFileReference; lastKnownFileType = text.plist.xml; path = "GoogleService-Info.plist"; sourceTree = SOURCE_ROOT; };
		348A67B21F627E2F00D4853C /* TableViewDataSource.swift */ = {isa = PBXFileReference; lastKnownFileType = sourcecode.swift; path = TableViewDataSource.swift; sourceTree = "<group>"; };
		348A67B61F628BD800D4853C /* NetworkRequester.swift */ = {isa = PBXFileReference; lastKnownFileType = sourcecode.swift; path = NetworkRequester.swift; sourceTree = "<group>"; };
		34A093371F6DE1A600F81E47 /* RegistrationViewController.swift */ = {isa = PBXFileReference; lastKnownFileType = sourcecode.swift; path = RegistrationViewController.swift; sourceTree = "<group>"; };
		34A093391F6E192000F81E47 /* RegistrationView.swift */ = {isa = PBXFileReference; lastKnownFileType = sourcecode.swift; path = RegistrationView.swift; sourceTree = "<group>"; };
		34A0933B1F6E198800F81E47 /* RegistrationPresenterTests.swift */ = {isa = PBXFileReference; lastKnownFileType = sourcecode.swift; path = RegistrationPresenterTests.swift; sourceTree = "<group>"; };
		34A0933D1F6E1ADD00F81E47 /* RegistrationPresenter.swift */ = {isa = PBXFileReference; lastKnownFileType = sourcecode.swift; path = RegistrationPresenter.swift; sourceTree = "<group>"; };
		34A1D8C01F723ABD00BF923F /* UserRegisteredPresenter.swift */ = {isa = PBXFileReference; lastKnownFileType = sourcecode.swift; path = UserRegisteredPresenter.swift; sourceTree = "<group>"; };
		34A1D8C21F723ADF00BF923F /* UserRegisteredPresenterTests.swift */ = {isa = PBXFileReference; lastKnownFileType = sourcecode.swift; path = UserRegisteredPresenterTests.swift; sourceTree = "<group>"; };
		34A1D8C41F73380B00BF923F /* AreYouSureAlert.swift */ = {isa = PBXFileReference; lastKnownFileType = sourcecode.swift; path = AreYouSureAlert.swift; sourceTree = "<group>"; };
		34C075811F73536500B8464C /* MessagingTopicManager.swift */ = {isa = PBXFileReference; lastKnownFileType = sourcecode.swift; path = MessagingTopicManager.swift; sourceTree = "<group>"; };
		34C075831F73538300B8464C /* Reachability.swift */ = {isa = PBXFileReference; lastKnownFileType = sourcecode.swift; path = Reachability.swift; sourceTree = "<group>"; };
		34C075851F73576B00B8464C /* StubReachability.swift */ = {isa = PBXFileReference; lastKnownFileType = sourcecode.swift; path = StubReachability.swift; sourceTree = "<group>"; };
		34C7AD5E1F636905004D1040 /* LoadingIndicator.swift */ = {isa = PBXFileReference; lastKnownFileType = sourcecode.swift; path = LoadingIndicator.swift; sourceTree = "<group>"; };
		34D4FACC1F35542500E63910 /* BloodDonationIOS.app */ = {isa = PBXFileReference; explicitFileType = wrapper.application; includeInIndex = 0; path = BloodDonationIOS.app; sourceTree = BUILT_PRODUCTS_DIR; };
		34D4FACF1F35542500E63910 /* AppDelegate.swift */ = {isa = PBXFileReference; lastKnownFileType = sourcecode.swift; path = AppDelegate.swift; sourceTree = "<group>"; };
		34D4FAD41F35542500E63910 /* Base */ = {isa = PBXFileReference; lastKnownFileType = file.storyboard; name = Base; path = Base.lproj/Main.storyboard; sourceTree = "<group>"; };
		34D4FAD61F35542500E63910 /* Assets.xcassets */ = {isa = PBXFileReference; lastKnownFileType = folder.assetcatalog; path = Assets.xcassets; sourceTree = "<group>"; };
		34D4FAD91F35542500E63910 /* Base */ = {isa = PBXFileReference; lastKnownFileType = file.storyboard; name = Base; path = Base.lproj/LaunchScreen.storyboard; sourceTree = "<group>"; };
		34D4FADB1F35542500E63910 /* Info.plist */ = {isa = PBXFileReference; lastKnownFileType = text.plist.xml; path = Info.plist; sourceTree = "<group>"; };
		34E7F9011F72213F00F99657 /* MessagingTopicGenerator.swift */ = {isa = PBXFileReference; lastKnownFileType = sourcecode.swift; path = MessagingTopicGenerator.swift; sourceTree = "<group>"; };
		34E7F9031F7227DC00F99657 /* RouterTests.swift */ = {isa = PBXFileReference; lastKnownFileType = sourcecode.swift; path = RouterTests.swift; sourceTree = "<group>"; };
		34E7F9051F7228BA00F99657 /* StubViewControllerFactory.swift */ = {isa = PBXFileReference; lastKnownFileType = sourcecode.swift; path = StubViewControllerFactory.swift; sourceTree = "<group>"; };
		34E7F9071F722E5D00F99657 /* UserRegistered.swift */ = {isa = PBXFileReference; lastKnownFileType = sourcecode.swift; path = UserRegistered.swift; sourceTree = "<group>"; };
		34EF80771F71E409009C743B /* InformationAlert.swift */ = {isa = PBXFileReference; lastKnownFileType = sourcecode.swift; path = InformationAlert.swift; sourceTree = "<group>"; };
		34F4ABE51F35562200A2A882 /* BloodDonationIOS.entitlements */ = {isa = PBXFileReference; lastKnownFileType = text.plist.entitlements; path = BloodDonationIOS.entitlements; sourceTree = "<group>"; };
		34F4ABE71F356A7000A2A882 /* UserNotifications.framework */ = {isa = PBXFileReference; lastKnownFileType = wrapper.framework; name = UserNotifications.framework; path = System/Library/Frameworks/UserNotifications.framework; sourceTree = SDKROOT; };
		34F4ABEA1F356AAE00A2A882 /* MessagingRegister.swift */ = {isa = PBXFileReference; lastKnownFileType = sourcecode.swift; path = MessagingRegister.swift; sourceTree = "<group>"; };
		34F4ABEC1F35792E00A2A882 /* todo */ = {isa = PBXFileReference; lastKnownFileType = text; path = todo; sourceTree = "<group>"; };
		34F56CC01F6212A0002F3A8F /* BloodTypeSetter.swift */ = {isa = PBXFileReference; lastKnownFileType = sourcecode.swift; path = BloodTypeSetter.swift; sourceTree = "<group>"; };
		3C6E2D5F307498D366158FBE /* Pods-BloodDonationIOS.debug.xcconfig */ = {isa = PBXFileReference; includeInIndex = 1; lastKnownFileType = text.xcconfig; name = "Pods-BloodDonationIOS.debug.xcconfig"; path = "Pods/Target Support Files/Pods-BloodDonationIOS/Pods-BloodDonationIOS.debug.xcconfig"; sourceTree = "<group>"; };
		4AF58D67E27577AD57ADC0CF /* Pods_BloodDonationIOS.framework */ = {isa = PBXFileReference; explicitFileType = wrapper.framework; includeInIndex = 0; path = Pods_BloodDonationIOS.framework; sourceTree = BUILT_PRODUCTS_DIR; };
		58D20CD0B0D81463F0E75260 /* Pods-BloodDonationIOS.release.xcconfig */ = {isa = PBXFileReference; includeInIndex = 1; lastKnownFileType = text.xcconfig; name = "Pods-BloodDonationIOS.release.xcconfig"; path = "Pods/Target Support Files/Pods-BloodDonationIOS/Pods-BloodDonationIOS.release.xcconfig"; sourceTree = "<group>"; };
		5A55298BB7811E1ABE768BB7 /* Pods-BloodDonationIOSTests.release.xcconfig */ = {isa = PBXFileReference; includeInIndex = 1; lastKnownFileType = text.xcconfig; name = "Pods-BloodDonationIOSTests.release.xcconfig"; path = "Pods/Target Support Files/Pods-BloodDonationIOSTests/Pods-BloodDonationIOSTests.release.xcconfig"; sourceTree = "<group>"; };
		5DE3E3100033A8CA99A17BED /* Pods_BloodDonationIOSUITests.framework */ = {isa = PBXFileReference; explicitFileType = wrapper.framework; includeInIndex = 0; path = Pods_BloodDonationIOSUITests.framework; sourceTree = BUILT_PRODUCTS_DIR; };
		888B1F3F4FD1DBD4EBC13C76 /* Pods_BloodDonationIOSTests.framework */ = {isa = PBXFileReference; explicitFileType = wrapper.framework; includeInIndex = 0; path = Pods_BloodDonationIOSTests.framework; sourceTree = BUILT_PRODUCTS_DIR; };
		B8E21DE2AD96ABA21BBA1EF9 /* Pods-BloodDonationIOSTests.debug.xcconfig */ = {isa = PBXFileReference; includeInIndex = 1; lastKnownFileType = text.xcconfig; name = "Pods-BloodDonationIOSTests.debug.xcconfig"; path = "Pods/Target Support Files/Pods-BloodDonationIOSTests/Pods-BloodDonationIOSTests.debug.xcconfig"; sourceTree = "<group>"; };
		E2982B26101BE2E184273EA5 /* Pods-BloodDonationIOSUITests.debug.xcconfig */ = {isa = PBXFileReference; includeInIndex = 1; lastKnownFileType = text.xcconfig; name = "Pods-BloodDonationIOSUITests.debug.xcconfig"; path = "Pods/Target Support Files/Pods-BloodDonationIOSUITests/Pods-BloodDonationIOSUITests.debug.xcconfig"; sourceTree = "<group>"; };
/* End PBXFileReference section */

/* Begin PBXFrameworksBuildPhase section */
		34428DA41F592ED90017DFA4 /* Frameworks */ = {
			isa = PBXFrameworksBuildPhase;
			buildActionMask = 2147483647;
			files = (
				3661F2B4F0DA9E327EF9AEC0 /* Pods_BloodDonationIOSTests.framework in Frameworks */,
			);
			runOnlyForDeploymentPostprocessing = 0;
		};
		34D4FAC91F35542500E63910 /* Frameworks */ = {
			isa = PBXFrameworksBuildPhase;
			buildActionMask = 2147483647;
			files = (
				34F4ABE81F356A7000A2A882 /* UserNotifications.framework in Frameworks */,
				58502D62B8188B38CC5518EE /* Pods_BloodDonationIOS.framework in Frameworks */,
			);
			runOnlyForDeploymentPostprocessing = 0;
		};
/* End PBXFrameworksBuildPhase section */

/* Begin PBXGroup section */
		340DAB211F62613E00D5D156 /* Select Location */ = {
			isa = PBXGroup;
			children = (
				340DAB251F62653600D5D156 /* LocationTableViewController.swift */,
				340DAB271F6265E700D5D156 /* LocationsPresenter.swift */,
			);
			path = "Select Location";
			sourceTree = "<group>";
		};
		340DAB221F62624E00D5D156 /* Router */ = {
			isa = PBXGroup;
			children = (
				346F4CE91F59292600AF1441 /* Router.swift */,
				340DAB231F62626400D5D156 /* RouterActions.swift */,
				346F4CEB1F5929B400AF1441 /* ViewControllerFactory.swift */,
			);
			path = Router;
			sourceTree = "<group>";
		};
		340DAB2F1F626C8500D5D156 /* UI Utils */ = {
			isa = PBXGroup;
			children = (
				34428DB31F5932410017DFA4 /* UIColor+App.swift */,
				340DAB1D1F62605B00D5D156 /* LocalisedString+App.swift */,
				340DAB2D1F626A8000D5D156 /* SearchBar.swift */,
				346F4CD91F591E2500AF1441 /* CollectionViewDataSource.swift */,
				348A67B21F627E2F00D4853C /* TableViewDataSource.swift */,
				34C7AD5E1F636905004D1040 /* LoadingIndicator.swift */,
				346F4CE51F59277300AF1441 /* BloodType+DisplayString.swift */,
				34EF80771F71E409009C743B /* InformationAlert.swift */,
				34A1D8C41F73380B00BF923F /* AreYouSureAlert.swift */,
			);
			path = "UI Utils";
			sourceTree = "<group>";
		};
		3416652F1F723438002D4960 /* User Registered */ = {
			isa = PBXGroup;
			children = (
				341665301F723456002D4960 /* UserRegisteredViewController.swift */,
				34A1D8C01F723ABD00BF923F /* UserRegisteredPresenter.swift */,
			);
			path = "User Registered";
			sourceTree = "<group>";
		};
		343E0B001F74CDC300BF9B3F /* Presenters */ = {
			isa = PBXGroup;
			children = (
				34A1D8C21F723ADF00BF923F /* UserRegisteredPresenterTests.swift */,
				34A0933B1F6E198800F81E47 /* RegistrationPresenterTests.swift */,
				34428DB11F59310A0017DFA4 /* BloodTypePresenterTests.swift */,
				340DAB291F62660700D5D156 /* LocationsPresenterTests.swift */,
			);
			path = Presenters;
			sourceTree = "<group>";
		};
		343E0B011F74CDD700BF9B3F /* Router */ = {
			isa = PBXGroup;
			children = (
				34E7F9031F7227DC00F99657 /* RouterTests.swift */,
			);
			path = Router;
			sourceTree = "<group>";
		};
		343E0B021F74CDE100BF9B3F /* View Controllers */ = {
			isa = PBXGroup;
			children = (
				3451C1B81F74D6DA00F727A3 /* AcceptanceTest.swift */,
				343E0B031F74CE0900BF9B3F /* SelectBloodTypeAcceptanceTests.swift */,
				3451C1B61F74D69A00F727A3 /* SelectLocationAcceptanceTests.swift */,
				3451C1BA1F74DA0100F727A3 /* RegisterAcceptanceTests.swift */,
				3451C1BC1F74DB3500F727A3 /* UserRegisteredAcceptanceTests.swift */,
			);
			path = "View Controllers";
			sourceTree = "<group>";
		};
		34428DA81F592EDA0017DFA4 /* BloodDonationIOSTests */ = {
			isa = PBXGroup;
			children = (
				34428DC01F593B480017DFA4 /* Stubs */,
				34F56CBF1F620756002F3A8F /* Persistent Storage */,
				343E0B011F74CDD700BF9B3F /* Router */,
				343E0B001F74CDC300BF9B3F /* Presenters */,
				343E0B021F74CDE100BF9B3F /* View Controllers */,
				34428DAB1F592EDA0017DFA4 /* Info.plist */,
			);
			path = BloodDonationIOSTests;
			sourceTree = "<group>";
		};
		34428DB51F59342F0017DFA4 /* Persistent Storage */ = {
			isa = PBXGroup;
			children = (
				34428DB61F5935AE0017DFA4 /* UserDefaultsPersistentStorage.swift */,
				34428DB81F59364D0017DFA4 /* UserPersistentStorage.swift */,
				34428DBC1F593A6A0017DFA4 /* BloodType+Storage.swift */,
			);
			path = "Persistent Storage";
			sourceTree = "<group>";
		};
		34428DC01F593B480017DFA4 /* Stubs */ = {
			isa = PBXGroup;
			children = (
				34428DC11F593B560017DFA4 /* StubPersistentStorage.swift */,
				340DAB341F62744800D5D156 /* StubJsonNetworkRequester.swift */,
				343C78F41F6E5DE10096885B /* StubNotificationRegester.swift */,
				343C78F81F6E62EC0096885B /* StubMessagingSubscription.swift */,
				34E7F9051F7228BA00F99657 /* StubViewControllerFactory.swift */,
				34C075851F73576B00B8464C /* StubReachability.swift */,
				343E0B051F74CF1800BF9B3F /* StubAnalyticsReporter.swift */,
			);
			path = Stubs;
			sourceTree = "<group>";
		};
		3454B3F51F74C50E00FC5B59 /* Analytics */ = {
			isa = PBXGroup;
			children = (
				343E0AF61F74C7CD00BF9B3F /* ReporterFactory.swift */,
				3454B3F61F74C53F00FC5B59 /* AnalyticsReporter.swift */,
				343E0AF81F74C8C200BF9B3F /* SelectBloodReporter.swift */,
				343E0AFA1F74C9AE00BF9B3F /* LocationReporter.swift */,
				343E0AFC1F74C9F500BF9B3F /* RegisterReporter.swift */,
				343E0AFE1F74CA5300BF9B3F /* UserRegisteredReporter.swift */,
			);
			path = Analytics;
			sourceTree = "<group>";
		};
		345A79B41F6FCD7E00769989 /* Messaging */ = {
			isa = PBXGroup;
			children = (
				34F4ABEA1F356AAE00A2A882 /* MessagingRegister.swift */,
				343C78F61F6E5FD90096885B /* MessagingTopicSubscriber.swift */,
				34E7F9011F72213F00F99657 /* MessagingTopicGenerator.swift */,
				34C075811F73536500B8464C /* MessagingTopicManager.swift */,
			);
			path = Messaging;
			sourceTree = "<group>";
		};
		346F4CD31F591C5100AF1441 /* Select Blood Type */ = {
			isa = PBXGroup;
			children = (
				346F4CD41F591C9000AF1441 /* BloodTypeCollectionViewController.swift */,
				346F4CDD1F59205700AF1441 /* BloodTypeCollectionViewCell.swift */,
				346F4CDF1F5922A500AF1441 /* BloodTypePresenter.swift */,
			);
			path = "Select Blood Type";
			sourceTree = "<group>";
		};
		348A67B41F628B5C00D4853C /* Blood Type */ = {
			isa = PBXGroup;
			children = (
				34391DB31F6CC2F100BE4955 /* AllBloodTypesFetcher.swift */,
				34F56CC01F6212A0002F3A8F /* BloodTypeSetter.swift */,
			);
			path = "Blood Type";
			sourceTree = "<group>";
		};
		348A67B51F628B6800D4853C /* Locations */ = {
			isa = PBXGroup;
			children = (
				343C78F21F6E1CC10096885B /* LocationModel.swift */,
				340DAB301F6270A900D5D156 /* LocationsFetcher.swift */,
				348A67B61F628BD800D4853C /* NetworkRequester.swift */,
			);
			path = Locations;
			sourceTree = "<group>";
		};
		34B6BBC51F6CC9890006915F /* Registration */ = {
			isa = PBXGroup;
			children = (
				34A093371F6DE1A600F81E47 /* RegistrationViewController.swift */,
				34A093391F6E192000F81E47 /* RegistrationView.swift */,
				34A0933D1F6E1ADD00F81E47 /* RegistrationPresenter.swift */,
			);
			path = Registration;
			sourceTree = "<group>";
		};
		34D4FAC31F35542500E63910 = {
			isa = PBXGroup;
			children = (
				34F4ABEC1F35792E00A2A882 /* todo */,
				34D4FACE1F35542500E63910 /* BloodDonationIOS */,
				34428DA81F592EDA0017DFA4 /* BloodDonationIOSTests */,
				34D4FACD1F35542500E63910 /* Products */,
				34F4ABE61F356A7000A2A882 /* Frameworks */,
				52D6AB71E350583C0189D013 /* Pods */,
			);
			sourceTree = "<group>";
		};
		34D4FACD1F35542500E63910 /* Products */ = {
			isa = PBXGroup;
			children = (
				34D4FACC1F35542500E63910 /* BloodDonationIOS.app */,
				34428DA71F592ED90017DFA4 /* BloodDonationIOSTests.xctest */,
			);
			name = Products;
			sourceTree = "<group>";
		};
		34D4FACE1F35542500E63910 /* BloodDonationIOS */ = {
			isa = PBXGroup;
			children = (
				340DAB221F62624E00D5D156 /* Router */,
				34F56CC21F6217F2002F3A8F /* App Logic */,
				3454B3F51F74C50E00FC5B59 /* Analytics */,
				346F4CD31F591C5100AF1441 /* Select Blood Type */,
				340DAB211F62613E00D5D156 /* Select Location */,
				34B6BBC51F6CC9890006915F /* Registration */,
				3416652F1F723438002D4960 /* User Registered */,
				34F4ABE51F35562200A2A882 /* BloodDonationIOS.entitlements */,
				34D4FACF1F35542500E63910 /* AppDelegate.swift */,
				34D4FAD31F35542500E63910 /* Main.storyboard */,
				34D4FAD61F35542500E63910 /* Assets.xcassets */,
				34D4FAD81F35542500E63910 /* LaunchScreen.storyboard */,
				34D4FADB1F35542500E63910 /* Info.plist */,
				34830CD41F3DD46400D6836F /* GoogleService-Info.plist */,
				340DAB1F1F6260BE00D5D156 /* Localizable.strings */,
			);
			path = BloodDonationIOS;
			sourceTree = "<group>";
		};
		34E7F9091F722ECB00F99657 /* Registration */ = {
			isa = PBXGroup;
			children = (
				34E7F9071F722E5D00F99657 /* UserRegistered.swift */,
				3416652D1F723234002D4960 /* RegisterUser.swift */,
			);
			path = Registration;
			sourceTree = "<group>";
		};
		34F4ABE61F356A7000A2A882 /* Frameworks */ = {
			isa = PBXGroup;
			children = (
				34F4ABE71F356A7000A2A882 /* UserNotifications.framework */,
				4AF58D67E27577AD57ADC0CF /* Pods_BloodDonationIOS.framework */,
				888B1F3F4FD1DBD4EBC13C76 /* Pods_BloodDonationIOSTests.framework */,
				5DE3E3100033A8CA99A17BED /* Pods_BloodDonationIOSUITests.framework */,
			);
			name = Frameworks;
			sourceTree = "<group>";
		};
		34F4ABE91F356A9100A2A882 /* Utils */ = {
			isa = PBXGroup;
			children = (
				346F4CD71F591D8700AF1441 /* CollectionRowSections.swift */,
				346F4CDB1F591EB600AF1441 /* Array+Safe.swift */,
				346F4CE31F59271D00AF1441 /* BloodType.swift */,
				340DAB2B1F6268A900D5D156 /* Throttle.swift */,
				3463FEC71F6BCD0B00B3DF02 /* String+UrlEncoding.swift */,
				34C075831F73538300B8464C /* Reachability.swift */,
			);
			path = Utils;
			sourceTree = "<group>";
		};
		34F56CBF1F620756002F3A8F /* Persistent Storage */ = {
			isa = PBXGroup;
			children = (
				34428DBE1F593A9C0017DFA4 /* UserDefaultsStorageTests.swift */,
				34428DBA1F5938D10017DFA4 /* BloodTypeStorageTests.swift */,
			);
			path = "Persistent Storage";
			sourceTree = "<group>";
		};
		34F56CC21F6217F2002F3A8F /* App Logic */ = {
			isa = PBXGroup;
			children = (
				340DAB2F1F626C8500D5D156 /* UI Utils */,
				34F4ABE91F356A9100A2A882 /* Utils */,
				34428DB51F59342F0017DFA4 /* Persistent Storage */,
				34E7F9091F722ECB00F99657 /* Registration */,
				348A67B51F628B6800D4853C /* Locations */,
				348A67B41F628B5C00D4853C /* Blood Type */,
				345A79B41F6FCD7E00769989 /* Messaging */,
			);
			path = "App Logic";
			sourceTree = "<group>";
		};
		52D6AB71E350583C0189D013 /* Pods */ = {
			isa = PBXGroup;
			children = (
				3C6E2D5F307498D366158FBE /* Pods-BloodDonationIOS.debug.xcconfig */,
				58D20CD0B0D81463F0E75260 /* Pods-BloodDonationIOS.release.xcconfig */,
				B8E21DE2AD96ABA21BBA1EF9 /* Pods-BloodDonationIOSTests.debug.xcconfig */,
				5A55298BB7811E1ABE768BB7 /* Pods-BloodDonationIOSTests.release.xcconfig */,
				E2982B26101BE2E184273EA5 /* Pods-BloodDonationIOSUITests.debug.xcconfig */,
				2ED44360FA27BE9A52618DA3 /* Pods-BloodDonationIOSUITests.release.xcconfig */,
			);
			name = Pods;
			sourceTree = "<group>";
		};
/* End PBXGroup section */

/* Begin PBXNativeTarget section */
		34428DA61F592ED90017DFA4 /* BloodDonationIOSTests */ = {
			isa = PBXNativeTarget;
			buildConfigurationList = 34428DAE1F592EDA0017DFA4 /* Build configuration list for PBXNativeTarget "BloodDonationIOSTests" */;
			buildPhases = (
				87BA8BA9C83D27F67ED13869 /* [CP] Check Pods Manifest.lock */,
				34428DA31F592ED90017DFA4 /* Sources */,
				34428DA41F592ED90017DFA4 /* Frameworks */,
				34428DA51F592ED90017DFA4 /* Resources */,
				A4C5AE64D5AFEE08DD2C1545 /* [CP] Embed Pods Frameworks */,
				681F251AA64ED88540C373D6 /* [CP] Copy Pods Resources */,
			);
			buildRules = (
			);
			dependencies = (
				34428DAD1F592EDA0017DFA4 /* PBXTargetDependency */,
			);
			name = BloodDonationIOSTests;
			productName = BloodDonationIOSTests;
			productReference = 34428DA71F592ED90017DFA4 /* BloodDonationIOSTests.xctest */;
			productType = "com.apple.product-type.bundle.unit-test";
		};
		34D4FACB1F35542500E63910 /* BloodDonationIOS */ = {
			isa = PBXNativeTarget;
			buildConfigurationList = 34D4FAF41F35542500E63910 /* Build configuration list for PBXNativeTarget "BloodDonationIOS" */;
			buildPhases = (
				40C238DCA83D5B897583357C /* [CP] Check Pods Manifest.lock */,
				34D4FAC81F35542500E63910 /* Sources */,
				34D4FAC91F35542500E63910 /* Frameworks */,
				34D4FACA1F35542500E63910 /* Resources */,
				920797A70E78D5DA2AF6C7A2 /* [CP] Embed Pods Frameworks */,
				45C2A0EEBCA9F3840EFA34C9 /* [CP] Copy Pods Resources */,
			);
			buildRules = (
			);
			dependencies = (
			);
			name = BloodDonationIOS;
			productName = BloodDonationIOS;
			productReference = 34D4FACC1F35542500E63910 /* BloodDonationIOS.app */;
			productType = "com.apple.product-type.application";
		};
/* End PBXNativeTarget section */

/* Begin PBXProject section */
		34D4FAC41F35542500E63910 /* Project object */ = {
			isa = PBXProject;
			attributes = {
				LastSwiftUpdateCheck = 0900;
				LastUpgradeCheck = 0900;
				ORGANIZATIONNAME = "Richard Moult";
				TargetAttributes = {
					34428DA61F592ED90017DFA4 = {
						CreatedOnToolsVersion = 9.0;
						TestTargetID = 34D4FACB1F35542500E63910;
					};
					34D4FACB1F35542500E63910 = {
						CreatedOnToolsVersion = 9.0;
						SystemCapabilities = {
							com.apple.BackgroundModes = {
								enabled = 1;
							};
							com.apple.Keychain = {
								enabled = 1;
							};
							com.apple.Push = {
								enabled = 1;
							};
						};
					};
				};
			};
			buildConfigurationList = 34D4FAC71F35542500E63910 /* Build configuration list for PBXProject "key" */;
			compatibilityVersion = "Xcode 8.0";
			developmentRegion = en;
			hasScannedForEncodings = 0;
			knownRegions = (
				en,
				Base,
			);
			mainGroup = 34D4FAC31F35542500E63910;
			productRefGroup = 34D4FACD1F35542500E63910 /* Products */;
			projectDirPath = "";
			projectRoot = "";
			targets = (
				34D4FACB1F35542500E63910 /* BloodDonationIOS */,
				34428DA61F592ED90017DFA4 /* BloodDonationIOSTests */,
			);
		};
/* End PBXProject section */

/* Begin PBXResourcesBuildPhase section */
		34428DA51F592ED90017DFA4 /* Resources */ = {
			isa = PBXResourcesBuildPhase;
			buildActionMask = 2147483647;
			files = (
			);
			runOnlyForDeploymentPostprocessing = 0;
		};
		34D4FACA1F35542500E63910 /* Resources */ = {
			isa = PBXResourcesBuildPhase;
			buildActionMask = 2147483647;
			files = (
				340DAB201F6260BE00D5D156 /* Localizable.strings in Resources */,
				34D4FADA1F35542500E63910 /* LaunchScreen.storyboard in Resources */,
				34D4FAD71F35542500E63910 /* Assets.xcassets in Resources */,
				34830CD51F3DDB5400D6836F /* GoogleService-Info.plist in Resources */,
				34D4FAD51F35542500E63910 /* Main.storyboard in Resources */,
			);
			runOnlyForDeploymentPostprocessing = 0;
		};
/* End PBXResourcesBuildPhase section */

/* Begin PBXShellScriptBuildPhase section */
		40C238DCA83D5B897583357C /* [CP] Check Pods Manifest.lock */ = {
			isa = PBXShellScriptBuildPhase;
			buildActionMask = 2147483647;
			files = (
			);
			inputPaths = (
			);
			name = "[CP] Check Pods Manifest.lock";
			outputPaths = (
			);
			runOnlyForDeploymentPostprocessing = 0;
			shellPath = /bin/sh;
			shellScript = "diff \"${PODS_ROOT}/../Podfile.lock\" \"${PODS_ROOT}/Manifest.lock\" > /dev/null\nif [ $? != 0 ] ; then\n    # print error to STDERR\n    echo \"error: The sandbox is not in sync with the Podfile.lock. Run 'pod install' or update your CocoaPods installation.\" >&2\n    exit 1\nfi\n";
			showEnvVarsInLog = 0;
		};
		45C2A0EEBCA9F3840EFA34C9 /* [CP] Copy Pods Resources */ = {
			isa = PBXShellScriptBuildPhase;
			buildActionMask = 2147483647;
			files = (
			);
			inputPaths = (
			);
			name = "[CP] Copy Pods Resources";
			outputPaths = (
			);
			runOnlyForDeploymentPostprocessing = 0;
			shellPath = /bin/sh;
			shellScript = "\"${SRCROOT}/Pods/Target Support Files/Pods-BloodDonationIOS/Pods-BloodDonationIOS-resources.sh\"\n";
			showEnvVarsInLog = 0;
		};
		681F251AA64ED88540C373D6 /* [CP] Copy Pods Resources */ = {
			isa = PBXShellScriptBuildPhase;
			buildActionMask = 2147483647;
			files = (
			);
			inputPaths = (
			);
			name = "[CP] Copy Pods Resources";
			outputPaths = (
			);
			runOnlyForDeploymentPostprocessing = 0;
			shellPath = /bin/sh;
			shellScript = "\"${SRCROOT}/Pods/Target Support Files/Pods-BloodDonationIOSTests/Pods-BloodDonationIOSTests-resources.sh\"\n";
			showEnvVarsInLog = 0;
		};
		87BA8BA9C83D27F67ED13869 /* [CP] Check Pods Manifest.lock */ = {
			isa = PBXShellScriptBuildPhase;
			buildActionMask = 2147483647;
			files = (
			);
			inputPaths = (
			);
			name = "[CP] Check Pods Manifest.lock";
			outputPaths = (
			);
			runOnlyForDeploymentPostprocessing = 0;
			shellPath = /bin/sh;
			shellScript = "diff \"${PODS_ROOT}/../Podfile.lock\" \"${PODS_ROOT}/Manifest.lock\" > /dev/null\nif [ $? != 0 ] ; then\n    # print error to STDERR\n    echo \"error: The sandbox is not in sync with the Podfile.lock. Run 'pod install' or update your CocoaPods installation.\" >&2\n    exit 1\nfi\n";
			showEnvVarsInLog = 0;
		};
		920797A70E78D5DA2AF6C7A2 /* [CP] Embed Pods Frameworks */ = {
			isa = PBXShellScriptBuildPhase;
			buildActionMask = 2147483647;
			files = (
			);
			inputPaths = (
			);
			name = "[CP] Embed Pods Frameworks";
			outputPaths = (
			);
			runOnlyForDeploymentPostprocessing = 0;
			shellPath = /bin/sh;
			shellScript = "\"${SRCROOT}/Pods/Target Support Files/Pods-BloodDonationIOS/Pods-BloodDonationIOS-frameworks.sh\"\n";
			showEnvVarsInLog = 0;
		};
		A4C5AE64D5AFEE08DD2C1545 /* [CP] Embed Pods Frameworks */ = {
			isa = PBXShellScriptBuildPhase;
			buildActionMask = 2147483647;
			files = (
			);
			inputPaths = (
			);
			name = "[CP] Embed Pods Frameworks";
			outputPaths = (
			);
			runOnlyForDeploymentPostprocessing = 0;
			shellPath = /bin/sh;
			shellScript = "\"${SRCROOT}/Pods/Target Support Files/Pods-BloodDonationIOSTests/Pods-BloodDonationIOSTests-frameworks.sh\"\n";
			showEnvVarsInLog = 0;
		};
/* End PBXShellScriptBuildPhase section */

/* Begin PBXSourcesBuildPhase section */
		34428DA31F592ED90017DFA4 /* Sources */ = {
			isa = PBXSourcesBuildPhase;
			buildActionMask = 2147483647;
			files = (
				3451C1B91F74D6DA00F727A3 /* AcceptanceTest.swift in Sources */,
				34E7F9041F7227DC00F99657 /* RouterTests.swift in Sources */,
				34A1D8C31F723ADF00BF923F /* UserRegisteredPresenterTests.swift in Sources */,
				34428DBF1F593A9C0017DFA4 /* UserDefaultsStorageTests.swift in Sources */,
				34E7F9061F7228BA00F99657 /* StubViewControllerFactory.swift in Sources */,
				3451C1BD1F74DB3500F727A3 /* UserRegisteredAcceptanceTests.swift in Sources */,
				343E0B061F74CF1800BF9B3F /* StubAnalyticsReporter.swift in Sources */,
				34428DC21F593B560017DFA4 /* StubPersistentStorage.swift in Sources */,
				340DAB351F62744800D5D156 /* StubJsonNetworkRequester.swift in Sources */,
				34428DBB1F5938D10017DFA4 /* BloodTypeStorageTests.swift in Sources */,
				343C78F91F6E62EC0096885B /* StubMessagingSubscription.swift in Sources */,
				3451C1B71F74D69A00F727A3 /* SelectLocationAcceptanceTests.swift in Sources */,
				34428DB21F59310A0017DFA4 /* BloodTypePresenterTests.swift in Sources */,
				343E0B041F74CE0900BF9B3F /* SelectBloodTypeAcceptanceTests.swift in Sources */,
				340DAB2A1F62660700D5D156 /* LocationsPresenterTests.swift in Sources */,
				34A0933C1F6E198800F81E47 /* RegistrationPresenterTests.swift in Sources */,
				3451C1BB1F74DA0100F727A3 /* RegisterAcceptanceTests.swift in Sources */,
				343C78F51F6E5DE10096885B /* StubNotificationRegester.swift in Sources */,
				34C075861F73576B00B8464C /* StubReachability.swift in Sources */,
			);
			runOnlyForDeploymentPostprocessing = 0;
		};
		34D4FAC81F35542500E63910 /* Sources */ = {
			isa = PBXSourcesBuildPhase;
			buildActionMask = 2147483647;
			files = (
				348A67B31F627E2F00D4853C /* TableViewDataSource.swift in Sources */,
				340DAB311F6270A900D5D156 /* LocationsFetcher.swift in Sources */,
				34428DB91F59364D0017DFA4 /* UserPersistentStorage.swift in Sources */,
				341665311F723456002D4960 /* UserRegisteredViewController.swift in Sources */,
				34C075841F73538300B8464C /* Reachability.swift in Sources */,
				34A093381F6DE1A600F81E47 /* RegistrationViewController.swift in Sources */,
				343C78F31F6E1CC10096885B /* LocationModel.swift in Sources */,
				34F56CC11F6212A0002F3A8F /* BloodTypeSetter.swift in Sources */,
				34A0933A1F6E192000F81E47 /* RegistrationView.swift in Sources */,
				346F4CE61F59277300AF1441 /* BloodType+DisplayString.swift in Sources */,
				346F4CE01F5922A500AF1441 /* BloodTypePresenter.swift in Sources */,
				346F4CE41F59271D00AF1441 /* BloodType.swift in Sources */,
				340DAB2E1F626A8000D5D156 /* SearchBar.swift in Sources */,
				3454B3F71F74C53F00FC5B59 /* AnalyticsReporter.swift in Sources */,
				34428DB71F5935AE0017DFA4 /* UserDefaultsPersistentStorage.swift in Sources */,
				34A1D8C51F73380B00BF923F /* AreYouSureAlert.swift in Sources */,
				34F4ABEB1F356AAE00A2A882 /* MessagingRegister.swift in Sources */,
				346F4CDA1F591E2500AF1441 /* CollectionViewDataSource.swift in Sources */,
				343E0AFB1F74C9AE00BF9B3F /* LocationReporter.swift in Sources */,
				343E0AFF1F74CA5300BF9B3F /* UserRegisteredReporter.swift in Sources */,
				340DAB2C1F6268A900D5D156 /* Throttle.swift in Sources */,
				346F4CEC1F5929B400AF1441 /* ViewControllerFactory.swift in Sources */,
				340DAB281F6265E700D5D156 /* LocationsPresenter.swift in Sources */,
				340DAB1E1F62605B00D5D156 /* LocalisedString+App.swift in Sources */,
				34A1D8C11F723ABD00BF923F /* UserRegisteredPresenter.swift in Sources */,
				346F4CDC1F591EB600AF1441 /* Array+Safe.swift in Sources */,
				346F4CD81F591D8700AF1441 /* CollectionRowSections.swift in Sources */,
				34A0933E1F6E1ADD00F81E47 /* RegistrationPresenter.swift in Sources */,
				3416652E1F723234002D4960 /* RegisterUser.swift in Sources */,
				34391DB41F6CC2F100BE4955 /* AllBloodTypesFetcher.swift in Sources */,
				34C075821F73536500B8464C /* MessagingTopicManager.swift in Sources */,
				343E0AF91F74C8C200BF9B3F /* SelectBloodReporter.swift in Sources */,
				34D4FAD01F35542500E63910 /* AppDelegate.swift in Sources */,
				34E7F9081F722E5D00F99657 /* UserRegistered.swift in Sources */,
				343E0AF71F74C7CD00BF9B3F /* ReporterFactory.swift in Sources */,
				346F4CD51F591C9000AF1441 /* BloodTypeCollectionViewController.swift in Sources */,
				34428DBD1F593A6A0017DFA4 /* BloodType+Storage.swift in Sources */,
				340DAB241F62626400D5D156 /* RouterActions.swift in Sources */,
				34EF80781F71E409009C743B /* InformationAlert.swift in Sources */,
				34E7F9021F72213F00F99657 /* MessagingTopicGenerator.swift in Sources */,
				346F4CDE1F59205700AF1441 /* BloodTypeCollectionViewCell.swift in Sources */,
				346F4CEA1F59292600AF1441 /* Router.swift in Sources */,
				343E0AFD1F74C9F500BF9B3F /* RegisterReporter.swift in Sources */,
				34C7AD5F1F636905004D1040 /* LoadingIndicator.swift in Sources */,
				34428DB41F5932410017DFA4 /* UIColor+App.swift in Sources */,
				3463FEC81F6BCD0B00B3DF02 /* String+UrlEncoding.swift in Sources */,
				340DAB261F62653600D5D156 /* LocationTableViewController.swift in Sources */,
				348A67B71F628BD800D4853C /* NetworkRequester.swift in Sources */,
				343C78F71F6E5FD90096885B /* MessagingTopicSubscriber.swift in Sources */,
			);
			runOnlyForDeploymentPostprocessing = 0;
		};
/* End PBXSourcesBuildPhase section */

/* Begin PBXTargetDependency section */
		34428DAD1F592EDA0017DFA4 /* PBXTargetDependency */ = {
			isa = PBXTargetDependency;
			target = 34D4FACB1F35542500E63910 /* BloodDonationIOS */;
			targetProxy = 34428DAC1F592EDA0017DFA4 /* PBXContainerItemProxy */;
		};
/* End PBXTargetDependency section */

/* Begin PBXVariantGroup section */
		34D4FAD31F35542500E63910 /* Main.storyboard */ = {
			isa = PBXVariantGroup;
			children = (
				34D4FAD41F35542500E63910 /* Base */,
			);
			name = Main.storyboard;
			sourceTree = "<group>";
		};
		34D4FAD81F35542500E63910 /* LaunchScreen.storyboard */ = {
			isa = PBXVariantGroup;
			children = (
				34D4FAD91F35542500E63910 /* Base */,
			);
			name = LaunchScreen.storyboard;
			sourceTree = "<group>";
		};
/* End PBXVariantGroup section */

/* Begin XCBuildConfiguration section */
		34428DAF1F592EDA0017DFA4 /* Debug */ = {
			isa = XCBuildConfiguration;
			baseConfigurationReference = B8E21DE2AD96ABA21BBA1EF9 /* Pods-BloodDonationIOSTests.debug.xcconfig */;
			buildSettings = {
				BUNDLE_LOADER = "$(TEST_HOST)";
				INFOPLIST_FILE = BloodDonationIOSTests/Info.plist;
				LD_RUNPATH_SEARCH_PATHS = "$(inherited) @executable_path/Frameworks @loader_path/Frameworks";
				PRODUCT_BUNDLE_IDENTIFIER = com.trickysquirrel.BloodDonationIOSTests;
				PRODUCT_NAME = "$(TARGET_NAME)";
				SWIFT_VERSION = 4.0;
				TARGETED_DEVICE_FAMILY = "1,2";
				TEST_HOST = "$(BUILT_PRODUCTS_DIR)/BloodDonationIOS.app/BloodDonationIOS";
			};
			name = Debug;
		};
		34428DB01F592EDA0017DFA4 /* Release */ = {
			isa = XCBuildConfiguration;
			baseConfigurationReference = 5A55298BB7811E1ABE768BB7 /* Pods-BloodDonationIOSTests.release.xcconfig */;
			buildSettings = {
				BUNDLE_LOADER = "$(TEST_HOST)";
				INFOPLIST_FILE = BloodDonationIOSTests/Info.plist;
				LD_RUNPATH_SEARCH_PATHS = "$(inherited) @executable_path/Frameworks @loader_path/Frameworks";
				PRODUCT_BUNDLE_IDENTIFIER = com.trickysquirrel.BloodDonationIOSTests;
				PRODUCT_NAME = "$(TARGET_NAME)";
				SWIFT_VERSION = 4.0;
				TARGETED_DEVICE_FAMILY = "1,2";
				TEST_HOST = "$(BUILT_PRODUCTS_DIR)/BloodDonationIOS.app/BloodDonationIOS";
			};
			name = Release;
		};
		34D4FAF21F35542500E63910 /* Debug */ = {
			isa = XCBuildConfiguration;
			buildSettings = {
				ALWAYS_SEARCH_USER_PATHS = NO;
				CLANG_ANALYZER_NONNULL = YES;
				CLANG_ANALYZER_NUMBER_OBJECT_CONVERSION = YES_AGGRESSIVE;
				CLANG_CXX_LANGUAGE_STANDARD = "gnu++14";
				CLANG_CXX_LIBRARY = "libc++";
				CLANG_ENABLE_MODULES = YES;
				CLANG_ENABLE_OBJC_ARC = YES;
				CLANG_WARN_BLOCK_CAPTURE_AUTORELEASING = YES;
				CLANG_WARN_BOOL_CONVERSION = YES;
				CLANG_WARN_COMMA = YES;
				CLANG_WARN_CONSTANT_CONVERSION = YES;
				CLANG_WARN_DIRECT_OBJC_ISA_USAGE = YES_ERROR;
				CLANG_WARN_DOCUMENTATION_COMMENTS = YES;
				CLANG_WARN_EMPTY_BODY = YES;
				CLANG_WARN_ENUM_CONVERSION = YES;
				CLANG_WARN_INFINITE_RECURSION = YES;
				CLANG_WARN_INT_CONVERSION = YES;
				CLANG_WARN_NON_LITERAL_NULL_CONVERSION = YES;
				CLANG_WARN_OBJC_LITERAL_CONVERSION = YES;
				CLANG_WARN_OBJC_ROOT_CLASS = YES_ERROR;
				CLANG_WARN_RANGE_LOOP_ANALYSIS = YES;
				CLANG_WARN_STRICT_PROTOTYPES = YES;
				CLANG_WARN_SUSPICIOUS_MOVE = YES;
				CLANG_WARN_UNGUARDED_AVAILABILITY = YES_AGGRESSIVE;
				CLANG_WARN_UNREACHABLE_CODE = YES;
				CLANG_WARN__DUPLICATE_METHOD_MATCH = YES;
				CODE_SIGN_IDENTITY = "iPhone Developer";
				COPY_PHASE_STRIP = NO;
				DEBUG_INFORMATION_FORMAT = dwarf;
				ENABLE_STRICT_OBJC_MSGSEND = YES;
				ENABLE_TESTABILITY = YES;
				GCC_C_LANGUAGE_STANDARD = gnu11;
				GCC_DYNAMIC_NO_PIC = NO;
				GCC_NO_COMMON_BLOCKS = YES;
				GCC_OPTIMIZATION_LEVEL = 0;
				GCC_PREPROCESSOR_DEFINITIONS = (
					"DEBUG=1",
					"$(inherited)",
				);
				GCC_WARN_64_TO_32_BIT_CONVERSION = YES;
				GCC_WARN_ABOUT_RETURN_TYPE = YES_ERROR;
				GCC_WARN_UNDECLARED_SELECTOR = YES;
				GCC_WARN_UNINITIALIZED_AUTOS = YES_AGGRESSIVE;
				GCC_WARN_UNUSED_FUNCTION = YES;
				GCC_WARN_UNUSED_VARIABLE = YES;
				IPHONEOS_DEPLOYMENT_TARGET = 11.0;
				MTL_ENABLE_DEBUG_INFO = YES;
				ONLY_ACTIVE_ARCH = YES;
				SDKROOT = iphoneos;
				SWIFT_ACTIVE_COMPILATION_CONDITIONS = DEBUG;
				SWIFT_OPTIMIZATION_LEVEL = "-Onone";
			};
			name = Debug;
		};
		34D4FAF31F35542500E63910 /* Release */ = {
			isa = XCBuildConfiguration;
			buildSettings = {
				ALWAYS_SEARCH_USER_PATHS = NO;
				CLANG_ANALYZER_NONNULL = YES;
				CLANG_ANALYZER_NUMBER_OBJECT_CONVERSION = YES_AGGRESSIVE;
				CLANG_CXX_LANGUAGE_STANDARD = "gnu++14";
				CLANG_CXX_LIBRARY = "libc++";
				CLANG_ENABLE_MODULES = YES;
				CLANG_ENABLE_OBJC_ARC = YES;
				CLANG_WARN_BLOCK_CAPTURE_AUTORELEASING = YES;
				CLANG_WARN_BOOL_CONVERSION = YES;
				CLANG_WARN_COMMA = YES;
				CLANG_WARN_CONSTANT_CONVERSION = YES;
				CLANG_WARN_DIRECT_OBJC_ISA_USAGE = YES_ERROR;
				CLANG_WARN_DOCUMENTATION_COMMENTS = YES;
				CLANG_WARN_EMPTY_BODY = YES;
				CLANG_WARN_ENUM_CONVERSION = YES;
				CLANG_WARN_INFINITE_RECURSION = YES;
				CLANG_WARN_INT_CONVERSION = YES;
				CLANG_WARN_NON_LITERAL_NULL_CONVERSION = YES;
				CLANG_WARN_OBJC_LITERAL_CONVERSION = YES;
				CLANG_WARN_OBJC_ROOT_CLASS = YES_ERROR;
				CLANG_WARN_RANGE_LOOP_ANALYSIS = YES;
				CLANG_WARN_STRICT_PROTOTYPES = YES;
				CLANG_WARN_SUSPICIOUS_MOVE = YES;
				CLANG_WARN_UNGUARDED_AVAILABILITY = YES_AGGRESSIVE;
				CLANG_WARN_UNREACHABLE_CODE = YES;
				CLANG_WARN__DUPLICATE_METHOD_MATCH = YES;
				CODE_SIGN_IDENTITY = "iPhone Developer";
				COPY_PHASE_STRIP = NO;
				DEBUG_INFORMATION_FORMAT = "dwarf-with-dsym";
				ENABLE_NS_ASSERTIONS = NO;
				ENABLE_STRICT_OBJC_MSGSEND = YES;
				GCC_C_LANGUAGE_STANDARD = gnu11;
				GCC_NO_COMMON_BLOCKS = YES;
				GCC_WARN_64_TO_32_BIT_CONVERSION = YES;
				GCC_WARN_ABOUT_RETURN_TYPE = YES_ERROR;
				GCC_WARN_UNDECLARED_SELECTOR = YES;
				GCC_WARN_UNINITIALIZED_AUTOS = YES_AGGRESSIVE;
				GCC_WARN_UNUSED_FUNCTION = YES;
				GCC_WARN_UNUSED_VARIABLE = YES;
				IPHONEOS_DEPLOYMENT_TARGET = 11.0;
				MTL_ENABLE_DEBUG_INFO = NO;
				SDKROOT = iphoneos;
				SWIFT_OPTIMIZATION_LEVEL = "-Owholemodule";
				VALIDATE_PRODUCT = YES;
			};
			name = Release;
		};
		34D4FAF51F35542500E63910 /* Debug */ = {
			isa = XCBuildConfiguration;
			baseConfigurationReference = 3C6E2D5F307498D366158FBE /* Pods-BloodDonationIOS.debug.xcconfig */;
			buildSettings = {
				ASSETCATALOG_COMPILER_APPICON_NAME = AppIcon;
				CODE_SIGN_ENTITLEMENTS = BloodDonationIOS/BloodDonationIOS.entitlements;
				DEVELOPMENT_TEAM = 7HG6PP7Q5J;
				INFOPLIST_FILE = BloodDonationIOS/Info.plist;
				IPHONEOS_DEPLOYMENT_TARGET = 10.0;
				LD_RUNPATH_SEARCH_PATHS = "$(inherited) @executable_path/Frameworks";
				PRODUCT_BUNDLE_IDENTIFIER = com.trickysquirrel.BloodDonationIOS;
				PRODUCT_NAME = "$(TARGET_NAME)";
				SWIFT_VERSION = 4.0;
				TARGETED_DEVICE_FAMILY = "1,2";
			};
			name = Debug;
		};
		34D4FAF61F35542500E63910 /* Release */ = {
			isa = XCBuildConfiguration;
			baseConfigurationReference = 58D20CD0B0D81463F0E75260 /* Pods-BloodDonationIOS.release.xcconfig */;
			buildSettings = {
				ASSETCATALOG_COMPILER_APPICON_NAME = AppIcon;
				CODE_SIGN_ENTITLEMENTS = BloodDonationIOS/BloodDonationIOS.entitlements;
				DEVELOPMENT_TEAM = 7HG6PP7Q5J;
				INFOPLIST_FILE = BloodDonationIOS/Info.plist;
				IPHONEOS_DEPLOYMENT_TARGET = 10.0;
				LD_RUNPATH_SEARCH_PATHS = "$(inherited) @executable_path/Frameworks";
				PRODUCT_BUNDLE_IDENTIFIER = com.trickysquirrel.BloodDonationIOS;
				PRODUCT_NAME = "$(TARGET_NAME)";
				SWIFT_VERSION = 4.0;
				TARGETED_DEVICE_FAMILY = "1,2";
			};
			name = Release;
		};
/* End XCBuildConfiguration section */

/* Begin XCConfigurationList section */
		34428DAE1F592EDA0017DFA4 /* Build configuration list for PBXNativeTarget "BloodDonationIOSTests" */ = {
			isa = XCConfigurationList;
			buildConfigurations = (
				34428DAF1F592EDA0017DFA4 /* Debug */,
				34428DB01F592EDA0017DFA4 /* Release */,
			);
			defaultConfigurationIsVisible = 0;
			defaultConfigurationName = Release;
		};
		34D4FAC71F35542500E63910 /* Build configuration list for PBXProject "key" */ = {
			isa = XCConfigurationList;
			buildConfigurations = (
				34D4FAF21F35542500E63910 /* Debug */,
				34D4FAF31F35542500E63910 /* Release */,
			);
			defaultConfigurationIsVisible = 0;
			defaultConfigurationName = Release;
		};
		34D4FAF41F35542500E63910 /* Build configuration list for PBXNativeTarget "BloodDonationIOS" */ = {
			isa = XCConfigurationList;
			buildConfigurations = (
				34D4FAF51F35542500E63910 /* Debug */,
				34D4FAF61F35542500E63910 /* Release */,
			);
			defaultConfigurationIsVisible = 0;
			defaultConfigurationName = Release;
		};
/* End XCConfigurationList section */
	};
	rootObject = 34D4FAC41F35542500E63910 /* Project object */;
}
